
Microsoft Visual Studio Solution File, Format Version 12.00
Project("{FAE04EC0-301F-11D3-BF4B-00C04F79EFBC}") = "DecimalTests", "DecimalTests\DecimalTests.csproj", "{BEC0776E-01CF-427D-A77F-32DA79A8B11F}"
EndProject
Global
	GlobalSection(SolutionConfigurationPlatforms) = preSolution
		Debug|Any CPU = Debug|Any CPU
		Release|Any CPU = Release|Any CPU
	EndGlobalSection
	GlobalSection(ProjectConfigurationPlatforms) = postSolution
		{BEC0776E-01CF-427D-A77F-32DA79A8B11F}.Debug|Any CPU.ActiveCfg = Debug|Any CPU
		{BEC0776E-01CF-427D-A77F-32DA79A8B11F}.Debug|Any CPU.Build.0 = Debug|Any CPU
		{BEC0776E-01CF-427D-A77F-32DA79A8B11F}.Release|Any CPU.ActiveCfg = Release|Any CPU
		{BEC0776E-01CF-427D-A77F-32DA79A8B11F}.Release|Any CPU.Build.0 = Release|Any CPU
	EndGlobalSection
EndGlobal
